
Microsoft Visual Studio Solution File, Format Version 11.00
# Visual Studio 2010
Project("{FAE04EC0-301F-11D3-BF4B-00C04F79EFBC}") = "mvc4app01", "mvc4app01\mvc4app01.csproj", "{495FC15C-2549-4864-BD17-19DD740195BF}"
EndProject
Project("{FAE04EC0-301F-11D3-BF4B-00C04F79EFBC}") = "mvc4app01.Tests", "mvc4app01.Tests\mvc4app01.Tests.csproj", "{921B1D68-9375-4776-BDD7-24080A48C87D}"
EndProject
Global
	GlobalSection(SolutionConfigurationPlatforms) = preSolution
		Debug|Any CPU = Debug|Any CPU
		Release|Any CPU = Release|Any CPU
	EndGlobalSection
	GlobalSection(ProjectConfigurationPlatforms) = postSolution
		{495FC15C-2549-4864-BD17-19DD740195BF}.Debug|Any CPU.ActiveCfg = Debug|Any CPU
		{495FC15C-2549-4864-BD17-19DD740195BF}.Debug|Any CPU.Build.0 = Debug|Any CPU
		{495FC15C-2549-4864-BD17-19DD740195BF}.Release|Any CPU.ActiveCfg = Release|Any CPU
		{495FC15C-2549-4864-BD17-19DD740195BF}.Release|Any CPU.Build.0 = Release|Any CPU
		{921B1D68-9375-4776-BDD7-24080A48C87D}.Debug|Any CPU.ActiveCfg = Debug|Any CPU
		{921B1D68-9375-4776-BDD7-24080A48C87D}.Debug|Any CPU.Build.0 = Debug|Any CPU
		{921B1D68-9375-4776-BDD7-24080A48C87D}.Release|Any CPU.ActiveCfg = Release|Any CPU
		{921B1D68-9375-4776-BDD7-24080A48C87D}.Release|Any CPU.Build.0 = Release|Any CPU
	EndGlobalSection
	GlobalSection(SolutionProperties) = preSolution
		HideSolutionNode = FALSE
	EndGlobalSection
EndGlobal
